
Microsoft Visual Studio Solution File, Format Version 12.00
# Visual Studio Version 16
VisualStudioVersion = 16.0.29609.76
MinimumVisualStudioVersion = 10.0.40219.1
Project("{9A19103F-16F7-4668-BE54-9A1E7A4F7556}") = "WebApi", "WebApi\WebApi.csproj", "{DC781531-30DA-4FED-83D1-B748605A17AE}"
EndProject
Project("{FAE04EC0-301F-11D3-BF4B-00C04F79EFBC}") = "WebApi.Tests", "WebApi.Tests\WebApi.Tests.csproj", "{9512FEB2-91B7-4352-B4F3-52472B8F649D}"
EndProject
Global
	GlobalSection(SolutionConfigurationPlatforms) = preSolution
		Debug|Any CPU = Debug|Any CPU
		Release|Any CPU = Release|Any CPU
	EndGlobalSection
	GlobalSection(ProjectConfigurationPlatforms) = postSolution
		{DC781531-30DA-4FED-83D1-B748605A17AE}.Debug|Any CPU.ActiveCfg = Debug|Any CPU
		{DC781531-30DA-4FED-83D1-B748605A17AE}.Debug|Any CPU.Build.0 = Debug|Any CPU
		{DC781531-30DA-4FED-83D1-B748605A17AE}.Release|Any CPU.ActiveCfg = Release|Any CPU
		{DC781531-30DA-4FED-83D1-B748605A17AE}.Release|Any CPU.Build.0 = Release|Any CPU
		{9512FEB2-91B7-4352-B4F3-52472B8F649D}.Debug|Any CPU.ActiveCfg = Debug|Any CPU
		{9512FEB2-91B7-4352-B4F3-52472B8F649D}.Debug|Any CPU.Build.0 = Debug|Any CPU
		{9512FEB2-91B7-4352-B4F3-52472B8F649D}.Release|Any CPU.ActiveCfg = Release|Any CPU
		{9512FEB2-91B7-4352-B4F3-52472B8F649D}.Release|Any CPU.Build.0 = Release|Any CPU
	EndGlobalSection
	GlobalSection(SolutionProperties) = preSolution
		HideSolutionNode = FALSE
	EndGlobalSection
	GlobalSection(ExtensibilityGlobals) = postSolution
		SolutionGuid = {3D9326AB-184F-423C-BC6A-DB1BEB8D8754}
	EndGlobalSection
EndGlobal
